{
    "_readme": [
        "This file locks the dependencies of your project to a known state",
        "Read more about it at https://getcomposer.org/doc/01-basic-usage.md#installing-dependencies",
        "This file is @generated automatically"
    ],
    "content-hash": "37a8799ecf851f19a230d7ba5bd69daf",
    "packages": [
        {
            "name": "lisa18/swostar",
            "version": "v1.0",
            "dist": {
                "type": "path",
                "url": "../swostar",
                "reference": "61abf1199b0ac67b75029705b9e3936d6194a024"
            },
            "require": {
                "php": ">7.0"
            },
            "type": "library",
            "autoload": {
                "psr-4": {
                    "SwoStar\\": "src/"
                }
            },
            "license": [
                "MIT"
            ],
            "description": "swostar"
        }
    ],
    "packages-dev": [],
    "aliases": [],
    "minimum-stability": "stable",
    "stability-flags": [],
    "prefer-stable": false,
    "prefer-lowest": false,
    "platform": {
        "php": ">7.0"
    },
    "platform-dev": []
}
